// !$*UTF8*$!
{
	archiveVersion = 1;
	classes = {
	};
	objectVersion = 48;
	objects = {

/* Begin PBXBuildFile section */
		022E34891FCCA23D001AF1D0 /* Background.swift in Sources */ = {isa = PBXBuildFile; fileRef = 022E34881FCCA23D001AF1D0 /* Background.swift */; };
		0239C34E1FCC7C9B004C44E8 /* InstructionsScene.swift in Sources */ = {isa = PBXBuildFile; fileRef = 0239C34D1FCC7C9B004C44E8 /* InstructionsScene.swift */; };
		8AAE84E11FA8DFE2003E0738 /* spark.sks in Resources */ = {isa = PBXBuildFile; fileRef = 8AAE84E01FA8DFE2003E0738 /* spark.sks */; };
		8AB3D1201FDB525200540BE2 /* clear_skies.mp3 in Resources */ = {isa = PBXBuildFile; fileRef = 8AB3D11F1FDB525200540BE2 /* clear_skies.mp3 */; };
		8AF8565C1FB2327D002BA0EB /* fire.sks in Resources */ = {isa = PBXBuildFile; fileRef = 8AF8565B1FB2327D002BA0EB /* fire.sks */; };
		D8014BFC1FC386AB00E6510F /* MenuScene.swift in Sources */ = {isa = PBXBuildFile; fileRef = D8014BFB1FC386AB00E6510F /* MenuScene.swift */; };
		D82C77DF1FC25A1600B3ED74 /* GameOverScene.swift in Sources */ = {isa = PBXBuildFile; fileRef = D82C77DE1FC25A1600B3ED74 /* GameOverScene.swift */; };
		D84D4DF61FD4E3180060D050 /* smoke1.sks in Resources */ = {isa = PBXBuildFile; fileRef = D84D4DF51FD4E3180060D050 /* smoke1.sks */; };
		D84D4DF81FD4E7FF0060D050 /* wet_gooey_liquid_splat.mp3 in Resources */ = {isa = PBXBuildFile; fileRef = D84D4DF71FD4E7FF0060D050 /* wet_gooey_liquid_splat.mp3 */; };
		D84D4DFC1FD4E8FF0060D050 /* carrotSpark.sks in Resources */ = {isa = PBXBuildFile; fileRef = D84D4DFB1FD4E8FF0060D050 /* carrotSpark.sks */; };
		D8984AEC1F8EBF5300B6D113 /* AppDelegate.swift in Sources */ = {isa = PBXBuildFile; fileRef = D8984AEB1F8EBF5300B6D113 /* AppDelegate.swift */; };
		D8984AF21F8EBF5300B6D113 /* GameScene.swift in Sources */ = {isa = PBXBuildFile; fileRef = D8984AF11F8EBF5300B6D113 /* GameScene.swift */; };
		D8984AF41F8EBF5300B6D113 /* GameViewController.swift in Sources */ = {isa = PBXBuildFile; fileRef = D8984AF31F8EBF5300B6D113 /* GameViewController.swift */; };
		D8984AFC1F8EBF5300B6D113 /* LaunchScreen.storyboard in Resources */ = {isa = PBXBuildFile; fileRef = D8984AFA1F8EBF5300B6D113 /* LaunchScreen.storyboard */; };
		D8984B071F8EBF5300B6D113 /* KarojihaTests.swift in Sources */ = {isa = PBXBuildFile; fileRef = D8984B061F8EBF5300B6D113 /* KarojihaTests.swift */; };
		D8984B121F8EBF5300B6D113 /* KarojihaUITests.swift in Sources */ = {isa = PBXBuildFile; fileRef = D8984B111F8EBF5300B6D113 /* KarojihaUITests.swift */; };
		D8984B201F8EC05400B6D113 /* GameElements.swift in Sources */ = {isa = PBXBuildFile; fileRef = D8984B1F1F8EC05400B6D113 /* GameElements.swift */; };
		D8984B221F8EC20D00B6D113 /* player.atlas in Resources */ = {isa = PBXBuildFile; fileRef = D8984B211F8EC1D300B6D113 /* player.atlas */; };
		D8ADE5D81FD0EA220082570B /* city_pulse.mp3 in Resources */ = {isa = PBXBuildFile; fileRef = D8ADE5D71FD0EA220082570B /* city_pulse.mp3 */; };
		D8ADE5DE1FD0F5020082570B /* single_bubbleEDIT.wav in Resources */ = {isa = PBXBuildFile; fileRef = D8ADE5DD1FD0F5020082570B /* single_bubbleEDIT.wav */; };
		D8ADE5E01FD0F55B0082570B /* opening_day.mp3 in Resources */ = {isa = PBXBuildFile; fileRef = D8ADE5DF1FD0F55B0082570B /* opening_day.mp3 */; };
		D8ADE5E21FD0FA290082570B /* slide_whistle_down.mp3 in Resources */ = {isa = PBXBuildFile; fileRef = D8ADE5E11FD0FA290082570B /* slide_whistle_down.mp3 */; };
		D8ADE5E41FD0FBF00082570B /* slide_whistle_up.mp3 in Resources */ = {isa = PBXBuildFile; fileRef = D8ADE5E31FD0FBEF0082570B /* slide_whistle_up.mp3 */; };
		D8DD14A71FCF35D4003D4BAD /* Assets.xcassets in Resources */ = {isa = PBXBuildFile; fileRef = D8984AF81F8EBF5300B6D113 /* Assets.xcassets */; };
		D8DD14A91FCF405C003D4BAD /* open_lighter.mp3 in Resources */ = {isa = PBXBuildFile; fileRef = D8DD14A81FCF405C003D4BAD /* open_lighter.mp3 */; };
/* End PBXBuildFile section */

/* Begin PBXContainerItemProxy section */
		D8984B031F8EBF5300B6D113 /* PBXContainerItemProxy */ = {
			isa = PBXContainerItemProxy;
			containerPortal = D8984AE01F8EBF5200B6D113 /* Project object */;
			proxyType = 1;
			remoteGlobalIDString = D8984AE71F8EBF5300B6D113;
			remoteInfo = Karojiha;
		};
		D8984B0E1F8EBF5300B6D113 /* PBXContainerItemProxy */ = {
			isa = PBXContainerItemProxy;
			containerPortal = D8984AE01F8EBF5200B6D113 /* Project object */;
			proxyType = 1;
			remoteGlobalIDString = D8984AE71F8EBF5300B6D113;
			remoteInfo = Karojiha;
		};
/* End PBXContainerItemProxy section */

/* Begin PBXFileReference section */
		022E34881FCCA23D001AF1D0 /* Background.swift */ = {isa = PBXFileReference; fileEncoding = 4; lastKnownFileType = sourcecode.swift; path = Background.swift; sourceTree = "<group>"; };
		0239C34D1FCC7C9B004C44E8 /* InstructionsScene.swift */ = {isa = PBXFileReference; fileEncoding = 4; lastKnownFileType = sourcecode.swift; path = InstructionsScene.swift; sourceTree = "<group>"; };
		8AAE84E01FA8DFE2003E0738 /* spark.sks */ = {isa = PBXFileReference; lastKnownFileType = file.sks; path = spark.sks; sourceTree = "<group>"; };
		8AB3D11F1FDB525200540BE2 /* clear_skies.mp3 */ = {isa = PBXFileReference; lastKnownFileType = audio.mp3; path = clear_skies.mp3; sourceTree = "<group>"; };
		8AF8565B1FB2327D002BA0EB /* fire.sks */ = {isa = PBXFileReference; lastKnownFileType = file.sks; path = fire.sks; sourceTree = "<group>"; };
		D8014BFB1FC386AB00E6510F /* MenuScene.swift */ = {isa = PBXFileReference; fileEncoding = 4; lastKnownFileType = sourcecode.swift; path = MenuScene.swift; sourceTree = "<group>"; };
		D82C77DE1FC25A1600B3ED74 /* GameOverScene.swift */ = {isa = PBXFileReference; fileEncoding = 4; lastKnownFileType = sourcecode.swift; path = GameOverScene.swift; sourceTree = "<group>"; };
		D84D4DF51FD4E3180060D050 /* smoke1.sks */ = {isa = PBXFileReference; lastKnownFileType = file.sks; path = smoke1.sks; sourceTree = "<group>"; };
		D84D4DF71FD4E7FF0060D050 /* wet_gooey_liquid_splat.mp3 */ = {isa = PBXFileReference; lastKnownFileType = audio.mp3; path = wet_gooey_liquid_splat.mp3; sourceTree = "<group>"; };
		D84D4DFB1FD4E8FF0060D050 /* carrotSpark.sks */ = {isa = PBXFileReference; lastKnownFileType = file.sks; path = carrotSpark.sks; sourceTree = "<group>"; };
		D8984AE81F8EBF5300B6D113 /* Karojiha.app */ = {isa = PBXFileReference; explicitFileType = wrapper.application; includeInIndex = 0; path = Karojiha.app; sourceTree = BUILT_PRODUCTS_DIR; };
		D8984AEB1F8EBF5300B6D113 /* AppDelegate.swift */ = {isa = PBXFileReference; lastKnownFileType = sourcecode.swift; path = AppDelegate.swift; sourceTree = "<group>"; };
		D8984AF11F8EBF5300B6D113 /* GameScene.swift */ = {isa = PBXFileReference; lastKnownFileType = sourcecode.swift; path = GameScene.swift; sourceTree = "<group>"; };
		D8984AF31F8EBF5300B6D113 /* GameViewController.swift */ = {isa = PBXFileReference; lastKnownFileType = sourcecode.swift; path = GameViewController.swift; sourceTree = "<group>"; };
		D8984AF81F8EBF5300B6D113 /* Assets.xcassets */ = {isa = PBXFileReference; lastKnownFileType = folder.assetcatalog; path = Assets.xcassets; sourceTree = "<group>"; };
		D8984AFB1F8EBF5300B6D113 /* Base */ = {isa = PBXFileReference; lastKnownFileType = file.storyboard; name = Base; path = Base.lproj/LaunchScreen.storyboard; sourceTree = "<group>"; };
		D8984AFD1F8EBF5300B6D113 /* Info.plist */ = {isa = PBXFileReference; lastKnownFileType = text.plist.xml; path = Info.plist; sourceTree = "<group>"; };
		D8984B021F8EBF5300B6D113 /* KarojihaTests.xctest */ = {isa = PBXFileReference; explicitFileType = wrapper.cfbundle; includeInIndex = 0; path = KarojihaTests.xctest; sourceTree = BUILT_PRODUCTS_DIR; };
		D8984B061F8EBF5300B6D113 /* KarojihaTests.swift */ = {isa = PBXFileReference; lastKnownFileType = sourcecode.swift; path = KarojihaTests.swift; sourceTree = "<group>"; };
		D8984B081F8EBF5300B6D113 /* Info.plist */ = {isa = PBXFileReference; lastKnownFileType = text.plist.xml; path = Info.plist; sourceTree = "<group>"; };
		D8984B0D1F8EBF5300B6D113 /* KarojihaUITests.xctest */ = {isa = PBXFileReference; explicitFileType = wrapper.cfbundle; includeInIndex = 0; path = KarojihaUITests.xctest; sourceTree = BUILT_PRODUCTS_DIR; };
		D8984B111F8EBF5300B6D113 /* KarojihaUITests.swift */ = {isa = PBXFileReference; lastKnownFileType = sourcecode.swift; path = KarojihaUITests.swift; sourceTree = "<group>"; };
		D8984B131F8EBF5300B6D113 /* Info.plist */ = {isa = PBXFileReference; lastKnownFileType = text.plist.xml; path = Info.plist; sourceTree = "<group>"; };
		D8984B1F1F8EC05400B6D113 /* GameElements.swift */ = {isa = PBXFileReference; lastKnownFileType = sourcecode.swift; path = GameElements.swift; sourceTree = "<group>"; };
		D8984B211F8EC1D300B6D113 /* player.atlas */ = {isa = PBXFileReference; lastKnownFileType = folder.skatlas; path = player.atlas; sourceTree = "<group>"; };
		D8ADE5D71FD0EA220082570B /* city_pulse.mp3 */ = {isa = PBXFileReference; lastKnownFileType = audio.mp3; path = city_pulse.mp3; sourceTree = "<group>"; };
		D8ADE5DD1FD0F5020082570B /* single_bubbleEDIT.wav */ = {isa = PBXFileReference; lastKnownFileType = audio.wav; path = single_bubbleEDIT.wav; sourceTree = "<group>"; };
		D8ADE5DF1FD0F55B0082570B /* opening_day.mp3 */ = {isa = PBXFileReference; lastKnownFileType = audio.mp3; path = opening_day.mp3; sourceTree = "<group>"; };
		D8ADE5E11FD0FA290082570B /* slide_whistle_down.mp3 */ = {isa = PBXFileReference; lastKnownFileType = audio.mp3; path = slide_whistle_down.mp3; sourceTree = "<group>"; };
		D8ADE5E31FD0FBEF0082570B /* slide_whistle_up.mp3 */ = {isa = PBXFileReference; lastKnownFileType = audio.mp3; path = slide_whistle_up.mp3; sourceTree = "<group>"; };
		D8DD14A81FCF405C003D4BAD /* open_lighter.mp3 */ = {isa = PBXFileReference; lastKnownFileType = audio.mp3; path = open_lighter.mp3; sourceTree = "<group>"; };
/* End PBXFileReference section */

/* Begin PBXFrameworksBuildPhase section */
		D8984AE51F8EBF5300B6D113 /* Frameworks */ = {
			isa = PBXFrameworksBuildPhase;
			buildActionMask = 2147483647;
			files = (
			);
			runOnlyForDeploymentPostprocessing = 0;
		};
		D8984AFF1F8EBF5300B6D113 /* Frameworks */ = {
			isa = PBXFrameworksBuildPhase;
			buildActionMask = 2147483647;
			files = (
			);
			runOnlyForDeploymentPostprocessing = 0;
		};
		D8984B0A1F8EBF5300B6D113 /* Frameworks */ = {
			isa = PBXFrameworksBuildPhase;
			buildActionMask = 2147483647;
			files = (
			);
			runOnlyForDeploymentPostprocessing = 0;
		};
/* End PBXFrameworksBuildPhase section */

/* Begin PBXGroup section */
		8ACC10AB1FD9B2D20054F63C /* SoundEffects */ = {
			isa = PBXGroup;
			children = (
				D8ADE5D71FD0EA220082570B /* city_pulse.mp3 */,
				D84D4DF71FD4E7FF0060D050 /* wet_gooey_liquid_splat.mp3 */,
				D8ADE5DD1FD0F5020082570B /* single_bubbleEDIT.wav */,
				D8ADE5E11FD0FA290082570B /* slide_whistle_down.mp3 */,
				8AB3D11F1FDB525200540BE2 /* clear_skies.mp3 */,
				D8ADE5DF1FD0F55B0082570B /* opening_day.mp3 */,
				D8ADE5E31FD0FBEF0082570B /* slide_whistle_up.mp3 */,
				D8DD14A81FCF405C003D4BAD /* open_lighter.mp3 */,
			);
			path = SoundEffects;
			sourceTree = "<group>";
		};
		8ACC10AC1FD9B3520054F63C /* Emitters */ = {
			isa = PBXGroup;
			children = (
				8AF8565B1FB2327D002BA0EB /* fire.sks */,
				8AAE84E01FA8DFE2003E0738 /* spark.sks */,
				D84D4DFB1FD4E8FF0060D050 /* carrotSpark.sks */,
				D84D4DF51FD4E3180060D050 /* smoke1.sks */,
			);
			path = Emitters;
			sourceTree = "<group>";
		};
		D8984ADF1F8EBF5200B6D113 = {
			isa = PBXGroup;
			children = (
				D8984AEA1F8EBF5300B6D113 /* Karojiha */,
				D8984B051F8EBF5300B6D113 /* KarojihaTests */,
				D8984B101F8EBF5300B6D113 /* KarojihaUITests */,
				D8984AE91F8EBF5300B6D113 /* Products */,
			);
			sourceTree = "<group>";
		};
		D8984AE91F8EBF5300B6D113 /* Products */ = {
			isa = PBXGroup;
			children = (
				D8984AE81F8EBF5300B6D113 /* Karojiha.app */,
				D8984B021F8EBF5300B6D113 /* KarojihaTests.xctest */,
				D8984B0D1F8EBF5300B6D113 /* KarojihaUITests.xctest */,
			);
			name = Products;
			sourceTree = "<group>";
		};
		D8984AEA1F8EBF5300B6D113 /* Karojiha */ = {
			isa = PBXGroup;
			children = (
				D82C77DE1FC25A1600B3ED74 /* GameOverScene.swift */,
				0239C34D1FCC7C9B004C44E8 /* InstructionsScene.swift */,
				D8014BFB1FC386AB00E6510F /* MenuScene.swift */,
				D8984AEB1F8EBF5300B6D113 /* AppDelegate.swift */,
				D8984AF11F8EBF5300B6D113 /* GameScene.swift */,
				D8984B1F1F8EC05400B6D113 /* GameElements.swift */,
				022E34881FCCA23D001AF1D0 /* Background.swift */,
				D8984AF31F8EBF5300B6D113 /* GameViewController.swift */,
				D8984AFA1F8EBF5300B6D113 /* LaunchScreen.storyboard */,
				8ACC10AC1FD9B3520054F63C /* Emitters */,
				8ACC10AB1FD9B2D20054F63C /* SoundEffects */,
				D8984AF81F8EBF5300B6D113 /* Assets.xcassets */,
				D8984B211F8EC1D300B6D113 /* player.atlas */,
				D8984AFD1F8EBF5300B6D113 /* Info.plist */,
			);
			path = Karojiha;
			sourceTree = "<group>";
		};
		D8984B051F8EBF5300B6D113 /* KarojihaTests */ = {
			isa = PBXGroup;
			children = (
				D8984B061F8EBF5300B6D113 /* KarojihaTests.swift */,
				D8984B081F8EBF5300B6D113 /* Info.plist */,
			);
			path = KarojihaTests;
			sourceTree = "<group>";
		};
		D8984B101F8EBF5300B6D113 /* KarojihaUITests */ = {
			isa = PBXGroup;
			children = (
				D8984B111F8EBF5300B6D113 /* KarojihaUITests.swift */,
				D8984B131F8EBF5300B6D113 /* Info.plist */,
			);
			path = KarojihaUITests;
			sourceTree = "<group>";
		};
/* End PBXGroup section */

/* Begin PBXNativeTarget section */
		D8984AE71F8EBF5300B6D113 /* Karojiha */ = {
			isa = PBXNativeTarget;
			buildConfigurationList = D8984B161F8EBF5300B6D113 /* Build configuration list for PBXNativeTarget "Karojiha" */;
			buildPhases = (
				D8984AE41F8EBF5300B6D113 /* Sources */,
				D8984AE51F8EBF5300B6D113 /* Frameworks */,
				D8984AE61F8EBF5300B6D113 /* Resources */,
			);
			buildRules = (
			);
			dependencies = (
			);
			name = Karojiha;
			productName = Karojiha;
			productReference = D8984AE81F8EBF5300B6D113 /* Karojiha.app */;
			productType = "com.apple.product-type.application";
		};
		D8984B011F8EBF5300B6D113 /* KarojihaTests */ = {
			isa = PBXNativeTarget;
			buildConfigurationList = D8984B191F8EBF5300B6D113 /* Build configuration list for PBXNativeTarget "KarojihaTests" */;
			buildPhases = (
				D8984AFE1F8EBF5300B6D113 /* Sources */,
				D8984AFF1F8EBF5300B6D113 /* Frameworks */,
				D8984B001F8EBF5300B6D113 /* Resources */,
			);
			buildRules = (
			);
			dependencies = (
				D8984B041F8EBF5300B6D113 /* PBXTargetDependency */,
			);
			name = KarojihaTests;
			productName = KarojihaTests;
			productReference = D8984B021F8EBF5300B6D113 /* KarojihaTests.xctest */;
			productType = "com.apple.product-type.bundle.unit-test";
		};
		D8984B0C1F8EBF5300B6D113 /* KarojihaUITests */ = {
			isa = PBXNativeTarget;
			buildConfigurationList = D8984B1C1F8EBF5300B6D113 /* Build configuration list for PBXNativeTarget "KarojihaUITests" */;
			buildPhases = (
				D8984B091F8EBF5300B6D113 /* Sources */,
				D8984B0A1F8EBF5300B6D113 /* Frameworks */,
				D8984B0B1F8EBF5300B6D113 /* Resources */,
			);
			buildRules = (
			);
			dependencies = (
				D8984B0F1F8EBF5300B6D113 /* PBXTargetDependency */,
			);
			name = KarojihaUITests;
			productName = KarojihaUITests;
			productReference = D8984B0D1F8EBF5300B6D113 /* KarojihaUITests.xctest */;
			productType = "com.apple.product-type.bundle.ui-testing";
		};
/* End PBXNativeTarget section */

/* Begin PBXProject section */
		D8984AE01F8EBF5200B6D113 /* Project object */ = {
			isa = PBXProject;
			attributes = {
				LastSwiftUpdateCheck = 0900;
				LastUpgradeCheck = 0900;
				ORGANIZATIONNAME = "Macalester College";
				TargetAttributes = {
					D8984AE71F8EBF5300B6D113 = {
						CreatedOnToolsVersion = 9.0;
						ProvisioningStyle = Automatic;
					};
					D8984B011F8EBF5300B6D113 = {
						CreatedOnToolsVersion = 9.0;
						ProvisioningStyle = Automatic;
						TestTargetID = D8984AE71F8EBF5300B6D113;
					};
					D8984B0C1F8EBF5300B6D113 = {
						CreatedOnToolsVersion = 9.0;
						ProvisioningStyle = Automatic;
						TestTargetID = D8984AE71F8EBF5300B6D113;
					};
				};
			};
			buildConfigurationList = D8984AE31F8EBF5300B6D113 /* Build configuration list for PBXProject "Karojiha" */;
			compatibilityVersion = "Xcode 8.0";
			developmentRegion = en;
			hasScannedForEncodings = 0;
			knownRegions = (
				en,
				Base,
			);
			mainGroup = D8984ADF1F8EBF5200B6D113;
			productRefGroup = D8984AE91F8EBF5300B6D113 /* Products */;
			projectDirPath = "";
			projectRoot = "";
			targets = (
				D8984AE71F8EBF5300B6D113 /* Karojiha */,
				D8984B011F8EBF5300B6D113 /* KarojihaTests */,
				D8984B0C1F8EBF5300B6D113 /* KarojihaUITests */,
			);
		};
/* End PBXProject section */

/* Begin PBXResourcesBuildPhase section */
		D8984AE61F8EBF5300B6D113 /* Resources */ = {
			isa = PBXResourcesBuildPhase;
			buildActionMask = 2147483647;
			files = (
				D84D4DF61FD4E3180060D050 /* smoke1.sks in Resources */,
				D8ADE5D81FD0EA220082570B /* city_pulse.mp3 in Resources */,
				8AB3D1201FDB525200540BE2 /* clear_skies.mp3 in Resources */,
				D8984B221F8EC20D00B6D113 /* player.atlas in Resources */,
				D84D4DF81FD4E7FF0060D050 /* wet_gooey_liquid_splat.mp3 in Resources */,
				D8ADE5DE1FD0F5020082570B /* single_bubbleEDIT.wav in Resources */,
				D84D4DFC1FD4E8FF0060D050 /* carrotSpark.sks in Resources */,
				D8ADE5E01FD0F55B0082570B /* opening_day.mp3 in Resources */,
				8AF8565C1FB2327D002BA0EB /* fire.sks in Resources */,
				D8ADE5E41FD0FBF00082570B /* slide_whistle_up.mp3 in Resources */,
				D8984AFC1F8EBF5300B6D113 /* LaunchScreen.storyboard in Resources */,
				D8DD14A91FCF405C003D4BAD /* open_lighter.mp3 in Resources */,
				D8ADE5E21FD0FA290082570B /* slide_whistle_down.mp3 in Resources */,
				D8DD14A71FCF35D4003D4BAD /* Assets.xcassets in Resources */,
				8AAE84E11FA8DFE2003E0738 /* spark.sks in Resources */,
			);
			runOnlyForDeploymentPostprocessing = 0;
		};
		D8984B001F8EBF5300B6D113 /* Resources */ = {
			isa = PBXResourcesBuildPhase;
			buildActionMask = 2147483647;
			files = (
			);
			runOnlyForDeploymentPostprocessing = 0;
		};
		D8984B0B1F8EBF5300B6D113 /* Resources */ = {
			isa = PBXResourcesBuildPhase;
			buildActionMask = 2147483647;
			files = (
			);
			runOnlyForDeploymentPostprocessing = 0;
		};
/* End PBXResourcesBuildPhase section */

/* Begin PBXSourcesBuildPhase section */
		D8984AE41F8EBF5300B6D113 /* Sources */ = {
			isa = PBXSourcesBuildPhase;
			buildActionMask = 2147483647;
			files = (
				D82C77DF1FC25A1600B3ED74 /* GameOverScene.swift in Sources */,
				0239C34E1FCC7C9B004C44E8 /* InstructionsScene.swift in Sources */,
				D8984B201F8EC05400B6D113 /* GameElements.swift in Sources */,
				022E34891FCCA23D001AF1D0 /* Background.swift in Sources */,
				D8984AF21F8EBF5300B6D113 /* GameScene.swift in Sources */,
				D8014BFC1FC386AB00E6510F /* MenuScene.swift in Sources */,
				D8984AF41F8EBF5300B6D113 /* GameViewController.swift in Sources */,
				D8984AEC1F8EBF5300B6D113 /* AppDelegate.swift in Sources */,
			);
			runOnlyForDeploymentPostprocessing = 0;
		};
		D8984AFE1F8EBF5300B6D113 /* Sources */ = {
			isa = PBXSourcesBuildPhase;
			buildActionMask = 2147483647;
			files = (
				D8984B071F8EBF5300B6D113 /* KarojihaTests.swift in Sources */,
			);
			runOnlyForDeploymentPostprocessing = 0;
		};
		D8984B091F8EBF5300B6D113 /* Sources */ = {
			isa = PBXSourcesBuildPhase;
			buildActionMask = 2147483647;
			files = (
				D8984B121F8EBF5300B6D113 /* KarojihaUITests.swift in Sources */,
			);
			runOnlyForDeploymentPostprocessing = 0;
		};
/* End PBXSourcesBuildPhase section */

/* Begin PBXTargetDependency section */
		D8984B041F8EBF5300B6D113 /* PBXTargetDependency */ = {
			isa = PBXTargetDependency;
			target = D8984AE71F8EBF5300B6D113 /* Karojiha */;
			targetProxy = D8984B031F8EBF5300B6D113 /* PBXContainerItemProxy */;
		};
		D8984B0F1F8EBF5300B6D113 /* PBXTargetDependency */ = {
			isa = PBXTargetDependency;
			target = D8984AE71F8EBF5300B6D113 /* Karojiha */;
			targetProxy = D8984B0E1F8EBF5300B6D113 /* PBXContainerItemProxy */;
		};
/* End PBXTargetDependency section */

/* Begin PBXVariantGroup section */
		D8984AFA1F8EBF5300B6D113 /* LaunchScreen.storyboard */ = {
			isa = PBXVariantGroup;
			children = (
				D8984AFB1F8EBF5300B6D113 /* Base */,
			);
			name = LaunchScreen.storyboard;
			sourceTree = "<group>";
		};
/* End PBXVariantGroup section */

/* Begin XCBuildConfiguration section */
		D8984B141F8EBF5300B6D113 /* Debug */ = {
			isa = XCBuildConfiguration;
			buildSettings = {
				ALWAYS_SEARCH_USER_PATHS = NO;
				CLANG_ANALYZER_NONNULL = YES;
				CLANG_ANALYZER_NUMBER_OBJECT_CONVERSION = YES_AGGRESSIVE;
				CLANG_CXX_LANGUAGE_STANDARD = "gnu++14";
				CLANG_CXX_LIBRARY = "libc++";
				CLANG_ENABLE_MODULES = YES;
				CLANG_ENABLE_OBJC_ARC = YES;
				CLANG_WARN_BLOCK_CAPTURE_AUTORELEASING = YES;
				CLANG_WARN_BOOL_CONVERSION = YES;
				CLANG_WARN_COMMA = YES;
				CLANG_WARN_CONSTANT_CONVERSION = YES;
				CLANG_WARN_DIRECT_OBJC_ISA_USAGE = YES_ERROR;
				CLANG_WARN_DOCUMENTATION_COMMENTS = YES;
				CLANG_WARN_EMPTY_BODY = YES;
				CLANG_WARN_ENUM_CONVERSION = YES;
				CLANG_WARN_INFINITE_RECURSION = YES;
				CLANG_WARN_INT_CONVERSION = YES;
				CLANG_WARN_NON_LITERAL_NULL_CONVERSION = YES;
				CLANG_WARN_OBJC_LITERAL_CONVERSION = YES;
				CLANG_WARN_OBJC_ROOT_CLASS = YES_ERROR;
				CLANG_WARN_RANGE_LOOP_ANALYSIS = YES;
				CLANG_WARN_STRICT_PROTOTYPES = YES;
				CLANG_WARN_SUSPICIOUS_MOVE = YES;
				CLANG_WARN_UNGUARDED_AVAILABILITY = YES_AGGRESSIVE;
				CLANG_WARN_UNREACHABLE_CODE = YES;
				CLANG_WARN__DUPLICATE_METHOD_MATCH = YES;
				CODE_SIGN_IDENTITY = "iPhone Developer";
				COPY_PHASE_STRIP = NO;
				DEBUG_INFORMATION_FORMAT = dwarf;
				ENABLE_STRICT_OBJC_MSGSEND = YES;
				ENABLE_TESTABILITY = YES;
				GCC_C_LANGUAGE_STANDARD = gnu11;
				GCC_DYNAMIC_NO_PIC = NO;
				GCC_NO_COMMON_BLOCKS = YES;
				GCC_OPTIMIZATION_LEVEL = 0;
				GCC_PREPROCESSOR_DEFINITIONS = (
					"DEBUG=1",
					"$(inherited)",
				);
				GCC_WARN_64_TO_32_BIT_CONVERSION = YES;
				GCC_WARN_ABOUT_RETURN_TYPE = YES_ERROR;
				GCC_WARN_UNDECLARED_SELECTOR = YES;
				GCC_WARN_UNINITIALIZED_AUTOS = YES_AGGRESSIVE;
				GCC_WARN_UNUSED_FUNCTION = YES;
				GCC_WARN_UNUSED_VARIABLE = YES;
				IPHONEOS_DEPLOYMENT_TARGET = 11.0;
				MTL_ENABLE_DEBUG_INFO = YES;
				ONLY_ACTIVE_ARCH = YES;
				SDKROOT = iphoneos;
				SWIFT_ACTIVE_COMPILATION_CONDITIONS = DEBUG;
				SWIFT_OPTIMIZATION_LEVEL = "-Onone";
			};
			name = Debug;
		};
		D8984B151F8EBF5300B6D113 /* Release */ = {
			isa = XCBuildConfiguration;
			buildSettings = {
				ALWAYS_SEARCH_USER_PATHS = NO;
				CLANG_ANALYZER_NONNULL = YES;
				CLANG_ANALYZER_NUMBER_OBJECT_CONVERSION = YES_AGGRESSIVE;
				CLANG_CXX_LANGUAGE_STANDARD = "gnu++14";
				CLANG_CXX_LIBRARY = "libc++";
				CLANG_ENABLE_MODULES = YES;
				CLANG_ENABLE_OBJC_ARC = YES;
				CLANG_WARN_BLOCK_CAPTURE_AUTORELEASING = YES;
				CLANG_WARN_BOOL_CONVERSION = YES;
				CLANG_WARN_COMMA = YES;
				CLANG_WARN_CONSTANT_CONVERSION = YES;
				CLANG_WARN_DIRECT_OBJC_ISA_USAGE = YES_ERROR;
				CLANG_WARN_DOCUMENTATION_COMMENTS = YES;
				CLANG_WARN_EMPTY_BODY = YES;
				CLANG_WARN_ENUM_CONVERSION = YES;
				CLANG_WARN_INFINITE_RECURSION = YES;
				CLANG_WARN_INT_CONVERSION = YES;
				CLANG_WARN_NON_LITERAL_NULL_CONVERSION = YES;
				CLANG_WARN_OBJC_LITERAL_CONVERSION = YES;
				CLANG_WARN_OBJC_ROOT_CLASS = YES_ERROR;
				CLANG_WARN_RANGE_LOOP_ANALYSIS = YES;
				CLANG_WARN_STRICT_PROTOTYPES = YES;
				CLANG_WARN_SUSPICIOUS_MOVE = YES;
				CLANG_WARN_UNGUARDED_AVAILABILITY = YES_AGGRESSIVE;
				CLANG_WARN_UNREACHABLE_CODE = YES;
				CLANG_WARN__DUPLICATE_METHOD_MATCH = YES;
				CODE_SIGN_IDENTITY = "iPhone Developer";
				COPY_PHASE_STRIP = NO;
				DEBUG_INFORMATION_FORMAT = "dwarf-with-dsym";
				ENABLE_NS_ASSERTIONS = NO;
				ENABLE_STRICT_OBJC_MSGSEND = YES;
				GCC_C_LANGUAGE_STANDARD = gnu11;
				GCC_NO_COMMON_BLOCKS = YES;
				GCC_WARN_64_TO_32_BIT_CONVERSION = YES;
				GCC_WARN_ABOUT_RETURN_TYPE = YES_ERROR;
				GCC_WARN_UNDECLARED_SELECTOR = YES;
				GCC_WARN_UNINITIALIZED_AUTOS = YES_AGGRESSIVE;
				GCC_WARN_UNUSED_FUNCTION = YES;
				GCC_WARN_UNUSED_VARIABLE = YES;
				IPHONEOS_DEPLOYMENT_TARGET = 11.0;
				MTL_ENABLE_DEBUG_INFO = NO;
				SDKROOT = iphoneos;
				SWIFT_OPTIMIZATION_LEVEL = "-Owholemodule";
				VALIDATE_PRODUCT = YES;
			};
			name = Release;
		};
		D8984B171F8EBF5300B6D113 /* Debug */ = {
			isa = XCBuildConfiguration;
			buildSettings = {
				ALWAYS_EMBED_SWIFT_STANDARD_LIBRARIES = YES;
				ASSETCATALOG_COMPILER_APPICON_NAME = AppIcon;
				CODE_SIGN_STYLE = Automatic;
				DEVELOPMENT_TEAM = Y4M5563D49;
				INFOPLIST_FILE = Karojiha/Info.plist;
				IPHONEOS_DEPLOYMENT_TARGET = 9.0;
				LD_RUNPATH_SEARCH_PATHS = "$(inherited) @executable_path/Frameworks";
				PRODUCT_BUNDLE_IDENTIFIER = Karojiha0121;
				PRODUCT_NAME = "$(TARGET_NAME)";
				SWIFT_VERSION = 4.0;
				TARGETED_DEVICE_FAMILY = "1,2";
			};
			name = Debug;
		};
		D8984B181F8EBF5300B6D113 /* Release */ = {
			isa = XCBuildConfiguration;
			buildSettings = {
				ALWAYS_EMBED_SWIFT_STANDARD_LIBRARIES = YES;
				ASSETCATALOG_COMPILER_APPICON_NAME = AppIcon;
				CODE_SIGN_STYLE = Automatic;
				DEVELOPMENT_TEAM = Y4M5563D49;
				INFOPLIST_FILE = Karojiha/Info.plist;
				IPHONEOS_DEPLOYMENT_TARGET = 9.0;
				LD_RUNPATH_SEARCH_PATHS = "$(inherited) @executable_path/Frameworks";
				PRODUCT_BUNDLE_IDENTIFIER = Karojiha0121;
				PRODUCT_NAME = "$(TARGET_NAME)";
				SWIFT_VERSION = 4.0;
				TARGETED_DEVICE_FAMILY = "1,2";
			};
			name = Release;
		};
		D8984B1A1F8EBF5300B6D113 /* Debug */ = {
			isa = XCBuildConfiguration;
			buildSettings = {
				ALWAYS_EMBED_SWIFT_STANDARD_LIBRARIES = YES;
				BUNDLE_LOADER = "$(TEST_HOST)";
				CODE_SIGN_STYLE = Automatic;
				INFOPLIST_FILE = KarojihaTests/Info.plist;
				LD_RUNPATH_SEARCH_PATHS = "$(inherited) @executable_path/Frameworks @loader_path/Frameworks";
				PRODUCT_BUNDLE_IDENTIFIER = edu.macalester.KarojihaTests;
				PRODUCT_NAME = "$(TARGET_NAME)";
				SWIFT_VERSION = 4.0;
				TARGETED_DEVICE_FAMILY = "1,2";
				TEST_HOST = "$(BUILT_PRODUCTS_DIR)/Karojiha.app/Karojiha";
			};
			name = Debug;
		};
		D8984B1B1F8EBF5300B6D113 /* Release */ = {
			isa = XCBuildConfiguration;
			buildSettings = {
				ALWAYS_EMBED_SWIFT_STANDARD_LIBRARIES = YES;
				BUNDLE_LOADER = "$(TEST_HOST)";
				CODE_SIGN_STYLE = Automatic;
				INFOPLIST_FILE = KarojihaTests/Info.plist;
				LD_RUNPATH_SEARCH_PATHS = "$(inherited) @executable_path/Frameworks @loader_path/Frameworks";
				PRODUCT_BUNDLE_IDENTIFIER = edu.macalester.KarojihaTests;
				PRODUCT_NAME = "$(TARGET_NAME)";
				SWIFT_VERSION = 4.0;
				TARGETED_DEVICE_FAMILY = "1,2";
				TEST_HOST = "$(BUILT_PRODUCTS_DIR)/Karojiha.app/Karojiha";
			};
			name = Release;
		};
		D8984B1D1F8EBF5300B6D113 /* Debug */ = {
			isa = XCBuildConfiguration;
			buildSettings = {
				ALWAYS_EMBED_SWIFT_STANDARD_LIBRARIES = YES;
				CODE_SIGN_STYLE = Automatic;
				INFOPLIST_FILE = KarojihaUITests/Info.plist;
				LD_RUNPATH_SEARCH_PATHS = "$(inherited) @executable_path/Frameworks @loader_path/Frameworks";
				PRODUCT_BUNDLE_IDENTIFIER = edu.macalester.KarojihaUITests;
				PRODUCT_NAME = "$(TARGET_NAME)";
				SWIFT_VERSION = 4.0;
				TARGETED_DEVICE_FAMILY = "1,2";
				TEST_TARGET_NAME = Karojiha;
			};
			name = Debug;
		};
		D8984B1E1F8EBF5300B6D113 /* Release */ = {
			isa = XCBuildConfiguration;
			buildSettings = {
				ALWAYS_EMBED_SWIFT_STANDARD_LIBRARIES = YES;
				CODE_SIGN_STYLE = Automatic;
				INFOPLIST_FILE = KarojihaUITests/Info.plist;
				LD_RUNPATH_SEARCH_PATHS = "$(inherited) @executable_path/Frameworks @loader_path/Frameworks";
				PRODUCT_BUNDLE_IDENTIFIER = edu.macalester.KarojihaUITests;
				PRODUCT_NAME = "$(TARGET_NAME)";
				SWIFT_VERSION = 4.0;
				TARGETED_DEVICE_FAMILY = "1,2";
				TEST_TARGET_NAME = Karojiha;
			};
			name = Release;
		};
/* End XCBuildConfiguration section */

/* Begin XCConfigurationList section */
		D8984AE31F8EBF5300B6D113 /* Build configuration list for PBXProject "Karojiha" */ = {
			isa = XCConfigurationList;
			buildConfigurations = (
				D8984B141F8EBF5300B6D113 /* Debug */,
				D8984B151F8EBF5300B6D113 /* Release */,
			);
			defaultConfigurationIsVisible = 0;
			defaultConfigurationName = Release;
		};
		D8984B161F8EBF5300B6D113 /* Build configuration list for PBXNativeTarget "Karojiha" */ = {
			isa = XCConfigurationList;
			buildConfigurations = (
				D8984B171F8EBF5300B6D113 /* Debug */,
				D8984B181F8EBF5300B6D113 /* Release */,
			);
			defaultConfigurationIsVisible = 0;
			defaultConfigurationName = Release;
		};
		D8984B191F8EBF5300B6D113 /* Build configuration list for PBXNativeTarget "KarojihaTests" */ = {
			isa = XCConfigurationList;
			buildConfigurations = (
				D8984B1A1F8EBF5300B6D113 /* Debug */,
				D8984B1B1F8EBF5300B6D113 /* Release */,
			);
			defaultConfigurationIsVisible = 0;
			defaultConfigurationName = Release;
		};
		D8984B1C1F8EBF5300B6D113 /* Build configuration list for PBXNativeTarget "KarojihaUITests" */ = {
			isa = XCConfigurationList;
			buildConfigurations = (
				D8984B1D1F8EBF5300B6D113 /* Debug */,
				D8984B1E1F8EBF5300B6D113 /* Release */,
			);
			defaultConfigurationIsVisible = 0;
			defaultConfigurationName = Release;
		};
/* End XCConfigurationList section */
	};
	rootObject = D8984AE01F8EBF5200B6D113 /* Project object */;
}
